
Microsoft Visual Studio Solution File, Format Version 12.00
# Visual Studio Version 16
VisualStudioVersion = 16.0.31005.135
MinimumVisualStudioVersion = 15.0.26124.0
Project("{2150E333-8FDC-42A3-9474-1A3956D46DE8}") = "tests", "tests", "{D7FE162C-D6BC-4F89-8DF9-1AEF427FA63B}"
EndProject
Project("{2150E333-8FDC-42A3-9474-1A3956D46DE8}") = "src", "src", "{5F42908A-3D8C-44CB-BAA2-928DE22AAB17}"
EndProject
Project("{9A19103F-16F7-4668-BE54-9A1E7A4F7556}") = "SmartThermo", "src\SmartThermo\SmartThermo.csproj", "{79CC3348-9C1A-4399-A552-933148DCC102}"
EndProject
Project("{9A19103F-16F7-4668-BE54-9A1E7A4F7556}") = "SmartThermo.Core", "src\SmartThermo.Core\SmartThermo.Core.csproj", "{B08BF00D-B1E0-489A-BFC4-CBC34625858D}"
EndProject
Project("{2150E333-8FDC-42A3-9474-1A3956D46DE8}") = "Modules", "Modules", "{87BD6B81-EF1B-478E-BBB4-A0A40B1B6119}"
EndProject
Project("{9A19103F-16F7-4668-BE54-9A1E7A4F7556}") = "SmartThermo.Modules.DataViewer", "src\Modules\SmartThermo.Modules.DataViewer\SmartThermo.Modules.DataViewer.csproj", "{EF5AE7CF-E710-4BE8-AE74-D5843E34A0BF}"
EndProject
Project("{2150E333-8FDC-42A3-9474-1A3956D46DE8}") = "Services", "Services", "{D1175F74-F3B3-49F2-A1DB-74D1E10EDFBC}"
EndProject
Project("{9A19103F-16F7-4668-BE54-9A1E7A4F7556}") = "SmartThermo.Services.DeviceConnector", "src\Services\SmartThermo.Services.DeviceConnector\SmartThermo.Services.DeviceConnector.csproj", "{9A1AF555-9924-45E6-BF58-6BF8503526BA}"
EndProject
Project("{9A19103F-16F7-4668-BE54-9A1E7A4F7556}") = "SmartThermo.Services.Notifications", "src\Services\SmartThermo.Services.Notifications\SmartThermo.Services.Notifications.csproj", "{D6448206-F933-49EC-B9B7-9AE16DCE6863}"
EndProject
Project("{9A19103F-16F7-4668-BE54-9A1E7A4F7556}") = "SmartThermo.Modules.Dialog.SettingsPort", "src\Modules\SmartThermo.Modules.Dialog.SettingsPort\SmartThermo.Modules.Dialog.SettingsPort.csproj", "{EF8E1B5D-D0EF-4BB5-8B73-3E868306AEA0}"
EndProject
Project("{9A19103F-16F7-4668-BE54-9A1E7A4F7556}") = "SmartThermo.Modules.Dialog.SettingsDevice", "src\Modules\SmartThermo.Modules.Dialog.SettingsDevice\SmartThermo.Modules.Dialog.SettingsDevice.csproj", "{93DB0F40-84BF-4CE0-824A-77FAADD41B7F}"
EndProject
Project("{2150E333-8FDC-42A3-9474-1A3956D46DE8}") = "DataAccess", "DataAccess", "{981AC072-074C-400A-983B-2EE6A0CDE983}"
EndProject
Project("{9A19103F-16F7-4668-BE54-9A1E7A4F7556}") = "SmartThermo.DataAccess.Sqlite", "src\DataAccess\SmartThermo.DataAccess.Sqlite\SmartThermo.DataAccess.Sqlite.csproj", "{D3E8A304-418C-4640-8B75-98C4BFE584D5}"
EndProject
Project("{9A19103F-16F7-4668-BE54-9A1E7A4F7556}") = "SmartThermo.Modules.Analytics", "src\Modules\SmartThermo.Modules.Analytics\SmartThermo.Modules.Analytics.csproj", "{707F9F26-F30A-4EE6-B80C-FB4D94428467}"
EndProject
Project("{9A19103F-16F7-4668-BE54-9A1E7A4F7556}") = "SmartThermo.Modules.Dialog.SettingsSensor", "src\Modules\SmartThermo.Modules.Dialog.SettingsSensor\SmartThermo.Modules.Dialog.SettingsSensor.csproj", "{E8C8E4FD-80F0-4443-904A-4BF78DCA74DE}"
EndProject
Project("{9A19103F-16F7-4668-BE54-9A1E7A4F7556}") = "SmartThermo.SmartThermo.Core.Tests", "tests\SmartThermo.SmartThermo.Core.Tests\SmartThermo.SmartThermo.Core.Tests.csproj", "{A80C5CCC-2D81-42E9-ABAE-F179035B814B}"
EndProject
Project("{FAE04EC0-301F-11D3-BF4B-00C04F79EFBC}") = "SmartThermo.Modules.SettingsApplication", "src\Modules\SmartThermo.Modules.SettingsApplication\SmartThermo.Modules.SettingsApplication.csproj", "{F5819333-AE0F-477C-BED0-D03FCED73AAC}"
EndProject
Project("{FAE04EC0-301F-11D3-BF4B-00C04F79EFBC}") = "SmartThermo.Services.Configuration", "src\Services\SmartThermo.Services.Configuration\SmartThermo.Services.Configuration.csproj", "{5F91B1F0-DD19-491E-839B-3187BCCE41E6}"
EndProject
Project("{FAE04EC0-301F-11D3-BF4B-00C04F79EFBC}") = "SmartThermo.Services.SerialPortObserver", "src\Services\SmartThermo.Services.SerialPortObserver\SmartThermo.Services.SerialPortObserver.csproj", "{C99966A9-E8F8-4C67-9363-365BCB4A84DD}"
EndProject
Global
	GlobalSection(SolutionConfigurationPlatforms) = preSolution
		Debug|Any CPU = Debug|Any CPU
		Debug|x64 = Debug|x64
		Debug|x86 = Debug|x86
		Release|Any CPU = Release|Any CPU
		Release|x64 = Release|x64
		Release|x86 = Release|x86
	EndGlobalSection
	GlobalSection(ProjectConfigurationPlatforms) = postSolution
		{79CC3348-9C1A-4399-A552-933148DCC102}.Debug|Any CPU.ActiveCfg = Debug|Any CPU
		{79CC3348-9C1A-4399-A552-933148DCC102}.Debug|Any CPU.Build.0 = Debug|Any CPU
		{79CC3348-9C1A-4399-A552-933148DCC102}.Debug|x64.ActiveCfg = Debug|Any CPU
		{79CC3348-9C1A-4399-A552-933148DCC102}.Debug|x64.Build.0 = Debug|Any CPU
		{79CC3348-9C1A-4399-A552-933148DCC102}.Debug|x86.ActiveCfg = Debug|Any CPU
		{79CC3348-9C1A-4399-A552-933148DCC102}.Debug|x86.Build.0 = Debug|Any CPU
		{79CC3348-9C1A-4399-A552-933148DCC102}.Release|Any CPU.ActiveCfg = Release|Any CPU
		{79CC3348-9C1A-4399-A552-933148DCC102}.Release|Any CPU.Build.0 = Release|Any CPU
		{79CC3348-9C1A-4399-A552-933148DCC102}.Release|x64.ActiveCfg = Release|Any CPU
		{79CC3348-9C1A-4399-A552-933148DCC102}.Release|x64.Build.0 = Release|Any CPU
		{79CC3348-9C1A-4399-A552-933148DCC102}.Release|x86.ActiveCfg = Release|Any CPU
		{79CC3348-9C1A-4399-A552-933148DCC102}.Release|x86.Build.0 = Release|Any CPU
		{B08BF00D-B1E0-489A-BFC4-CBC34625858D}.Debug|Any CPU.ActiveCfg = Debug|Any CPU
		{B08BF00D-B1E0-489A-BFC4-CBC34625858D}.Debug|Any CPU.Build.0 = Debug|Any CPU
		{B08BF00D-B1E0-489A-BFC4-CBC34625858D}.Debug|x64.ActiveCfg = Debug|Any CPU
		{B08BF00D-B1E0-489A-BFC4-CBC34625858D}.Debug|x64.Build.0 = Debug|Any CPU
		{B08BF00D-B1E0-489A-BFC4-CBC34625858D}.Debug|x86.ActiveCfg = Debug|Any CPU
		{B08BF00D-B1E0-489A-BFC4-CBC34625858D}.Debug|x86.Build.0 = Debug|Any CPU
		{B08BF00D-B1E0-489A-BFC4-CBC34625858D}.Release|Any CPU.ActiveCfg = Release|Any CPU
		{B08BF00D-B1E0-489A-BFC4-CBC34625858D}.Release|Any CPU.Build.0 = Release|Any CPU
		{B08BF00D-B1E0-489A-BFC4-CBC34625858D}.Release|x64.ActiveCfg = Release|Any CPU
		{B08BF00D-B1E0-489A-BFC4-CBC34625858D}.Release|x64.Build.0 = Release|Any CPU
		{B08BF00D-B1E0-489A-BFC4-CBC34625858D}.Release|x86.ActiveCfg = Release|Any CPU
		{B08BF00D-B1E0-489A-BFC4-CBC34625858D}.Release|x86.Build.0 = Release|Any CPU
		{EF5AE7CF-E710-4BE8-AE74-D5843E34A0BF}.Debug|Any CPU.ActiveCfg = Debug|Any CPU
		{EF5AE7CF-E710-4BE8-AE74-D5843E34A0BF}.Debug|Any CPU.Build.0 = Debug|Any CPU
		{EF5AE7CF-E710-4BE8-AE74-D5843E34A0BF}.Debug|x64.ActiveCfg = Debug|Any CPU
		{EF5AE7CF-E710-4BE8-AE74-D5843E34A0BF}.Debug|x64.Build.0 = Debug|Any CPU
		{EF5AE7CF-E710-4BE8-AE74-D5843E34A0BF}.Debug|x86.ActiveCfg = Debug|Any CPU
		{EF5AE7CF-E710-4BE8-AE74-D5843E34A0BF}.Debug|x86.Build.0 = Debug|Any CPU
		{EF5AE7CF-E710-4BE8-AE74-D5843E34A0BF}.Release|Any CPU.ActiveCfg = Release|Any CPU
		{EF5AE7CF-E710-4BE8-AE74-D5843E34A0BF}.Release|Any CPU.Build.0 = Release|Any CPU
		{EF5AE7CF-E710-4BE8-AE74-D5843E34A0BF}.Release|x64.ActiveCfg = Release|Any CPU
		{EF5AE7CF-E710-4BE8-AE74-D5843E34A0BF}.Release|x64.Build.0 = Release|Any CPU
		{EF5AE7CF-E710-4BE8-AE74-D5843E34A0BF}.Release|x86.ActiveCfg = Release|Any CPU
		{EF5AE7CF-E710-4BE8-AE74-D5843E34A0BF}.Release|x86.Build.0 = Release|Any CPU
		{9A1AF555-9924-45E6-BF58-6BF8503526BA}.Debug|Any CPU.ActiveCfg = Debug|Any CPU
		{9A1AF555-9924-45E6-BF58-6BF8503526BA}.Debug|Any CPU.Build.0 = Debug|Any CPU
		{9A1AF555-9924-45E6-BF58-6BF8503526BA}.Debug|x64.ActiveCfg = Debug|Any CPU
		{9A1AF555-9924-45E6-BF58-6BF8503526BA}.Debug|x64.Build.0 = Debug|Any CPU
		{9A1AF555-9924-45E6-BF58-6BF8503526BA}.Debug|x86.ActiveCfg = Debug|Any CPU
		{9A1AF555-9924-45E6-BF58-6BF8503526BA}.Debug|x86.Build.0 = Debug|Any CPU
		{9A1AF555-9924-45E6-BF58-6BF8503526BA}.Release|Any CPU.ActiveCfg = Release|Any CPU
		{9A1AF555-9924-45E6-BF58-6BF8503526BA}.Release|Any CPU.Build.0 = Release|Any CPU
		{9A1AF555-9924-45E6-BF58-6BF8503526BA}.Release|x64.ActiveCfg = Release|Any CPU
		{9A1AF555-9924-45E6-BF58-6BF8503526BA}.Release|x64.Build.0 = Release|Any CPU
		{9A1AF555-9924-45E6-BF58-6BF8503526BA}.Release|x86.ActiveCfg = Release|Any CPU
		{9A1AF555-9924-45E6-BF58-6BF8503526BA}.Release|x86.Build.0 = Release|Any CPU
		{D6448206-F933-49EC-B9B7-9AE16DCE6863}.Debug|Any CPU.ActiveCfg = Debug|Any CPU
		{D6448206-F933-49EC-B9B7-9AE16DCE6863}.Debug|Any CPU.Build.0 = Debug|Any CPU
		{D6448206-F933-49EC-B9B7-9AE16DCE6863}.Debug|x64.ActiveCfg = Debug|Any CPU
		{D6448206-F933-49EC-B9B7-9AE16DCE6863}.Debug|x64.Build.0 = Debug|Any CPU
		{D6448206-F933-49EC-B9B7-9AE16DCE6863}.Debug|x86.ActiveCfg = Debug|Any CPU
		{D6448206-F933-49EC-B9B7-9AE16DCE6863}.Debug|x86.Build.0 = Debug|Any CPU
		{D6448206-F933-49EC-B9B7-9AE16DCE6863}.Release|Any CPU.ActiveCfg = Release|Any CPU
		{D6448206-F933-49EC-B9B7-9AE16DCE6863}.Release|Any CPU.Build.0 = Release|Any CPU
		{D6448206-F933-49EC-B9B7-9AE16DCE6863}.Release|x64.ActiveCfg = Release|Any CPU
		{D6448206-F933-49EC-B9B7-9AE16DCE6863}.Release|x64.Build.0 = Release|Any CPU
		{D6448206-F933-49EC-B9B7-9AE16DCE6863}.Release|x86.ActiveCfg = Release|Any CPU
		{D6448206-F933-49EC-B9B7-9AE16DCE6863}.Release|x86.Build.0 = Release|Any CPU
		{EF8E1B5D-D0EF-4BB5-8B73-3E868306AEA0}.Debug|Any CPU.ActiveCfg = Debug|Any CPU
		{EF8E1B5D-D0EF-4BB5-8B73-3E868306AEA0}.Debug|Any CPU.Build.0 = Debug|Any CPU
		{EF8E1B5D-D0EF-4BB5-8B73-3E868306AEA0}.Debug|x64.ActiveCfg = Debug|Any CPU
		{EF8E1B5D-D0EF-4BB5-8B73-3E868306AEA0}.Debug|x64.Build.0 = Debug|Any CPU
		{EF8E1B5D-D0EF-4BB5-8B73-3E868306AEA0}.Debug|x86.ActiveCfg = Debug|Any CPU
		{EF8E1B5D-D0EF-4BB5-8B73-3E868306AEA0}.Debug|x86.Build.0 = Debug|Any CPU
		{EF8E1B5D-D0EF-4BB5-8B73-3E868306AEA0}.Release|Any CPU.ActiveCfg = Release|Any CPU
		{EF8E1B5D-D0EF-4BB5-8B73-3E868306AEA0}.Release|Any CPU.Build.0 = Release|Any CPU
		{EF8E1B5D-D0EF-4BB5-8B73-3E868306AEA0}.Release|x64.ActiveCfg = Release|Any CPU
		{EF8E1B5D-D0EF-4BB5-8B73-3E868306AEA0}.Release|x64.Build.0 = Release|Any CPU
		{EF8E1B5D-D0EF-4BB5-8B73-3E868306AEA0}.Release|x86.ActiveCfg = Release|Any CPU
		{EF8E1B5D-D0EF-4BB5-8B73-3E868306AEA0}.Release|x86.Build.0 = Release|Any CPU
		{93DB0F40-84BF-4CE0-824A-77FAADD41B7F}.Debug|Any CPU.ActiveCfg = Debug|Any CPU
		{93DB0F40-84BF-4CE0-824A-77FAADD41B7F}.Debug|Any CPU.Build.0 = Debug|Any CPU
		{93DB0F40-84BF-4CE0-824A-77FAADD41B7F}.Debug|x64.ActiveCfg = Debug|Any CPU
		{93DB0F40-84BF-4CE0-824A-77FAADD41B7F}.Debug|x64.Build.0 = Debug|Any CPU
		{93DB0F40-84BF-4CE0-824A-77FAADD41B7F}.Debug|x86.ActiveCfg = Debug|Any CPU
		{93DB0F40-84BF-4CE0-824A-77FAADD41B7F}.Debug|x86.Build.0 = Debug|Any CPU
		{93DB0F40-84BF-4CE0-824A-77FAADD41B7F}.Release|Any CPU.ActiveCfg = Release|Any CPU
		{93DB0F40-84BF-4CE0-824A-77FAADD41B7F}.Release|Any CPU.Build.0 = Release|Any CPU
		{93DB0F40-84BF-4CE0-824A-77FAADD41B7F}.Release|x64.ActiveCfg = Release|Any CPU
		{93DB0F40-84BF-4CE0-824A-77FAADD41B7F}.Release|x64.Build.0 = Release|Any CPU
		{93DB0F40-84BF-4CE0-824A-77FAADD41B7F}.Release|x86.ActiveCfg = Release|Any CPU
		{93DB0F40-84BF-4CE0-824A-77FAADD41B7F}.Release|x86.Build.0 = Release|Any CPU
		{D3E8A304-418C-4640-8B75-98C4BFE584D5}.Debug|Any CPU.ActiveCfg = Debug|Any CPU
		{D3E8A304-418C-4640-8B75-98C4BFE584D5}.Debug|Any CPU.Build.0 = Debug|Any CPU
		{D3E8A304-418C-4640-8B75-98C4BFE584D5}.Debug|x64.ActiveCfg = Debug|Any CPU
		{D3E8A304-418C-4640-8B75-98C4BFE584D5}.Debug|x64.Build.0 = Debug|Any CPU
		{D3E8A304-418C-4640-8B75-98C4BFE584D5}.Debug|x86.ActiveCfg = Debug|Any CPU
		{D3E8A304-418C-4640-8B75-98C4BFE584D5}.Debug|x86.Build.0 = Debug|Any CPU
		{D3E8A304-418C-4640-8B75-98C4BFE584D5}.Release|Any CPU.ActiveCfg = Release|Any CPU
		{D3E8A304-418C-4640-8B75-98C4BFE584D5}.Release|Any CPU.Build.0 = Release|Any CPU
		{D3E8A304-418C-4640-8B75-98C4BFE584D5}.Release|x64.ActiveCfg = Release|Any CPU
		{D3E8A304-418C-4640-8B75-98C4BFE584D5}.Release|x64.Build.0 = Release|Any CPU
		{D3E8A304-418C-4640-8B75-98C4BFE584D5}.Release|x86.ActiveCfg = Release|Any CPU
		{D3E8A304-418C-4640-8B75-98C4BFE584D5}.Release|x86.Build.0 = Release|Any CPU
		{707F9F26-F30A-4EE6-B80C-FB4D94428467}.Debug|Any CPU.ActiveCfg = Debug|Any CPU
		{707F9F26-F30A-4EE6-B80C-FB4D94428467}.Debug|Any CPU.Build.0 = Debug|Any CPU
		{707F9F26-F30A-4EE6-B80C-FB4D94428467}.Debug|x64.ActiveCfg = Debug|Any CPU
		{707F9F26-F30A-4EE6-B80C-FB4D94428467}.Debug|x64.Build.0 = Debug|Any CPU
		{707F9F26-F30A-4EE6-B80C-FB4D94428467}.Debug|x86.ActiveCfg = Debug|Any CPU
		{707F9F26-F30A-4EE6-B80C-FB4D94428467}.Debug|x86.Build.0 = Debug|Any CPU
		{707F9F26-F30A-4EE6-B80C-FB4D94428467}.Release|Any CPU.ActiveCfg = Release|Any CPU
		{707F9F26-F30A-4EE6-B80C-FB4D94428467}.Release|Any CPU.Build.0 = Release|Any CPU
		{707F9F26-F30A-4EE6-B80C-FB4D94428467}.Release|x64.ActiveCfg = Release|Any CPU
		{707F9F26-F30A-4EE6-B80C-FB4D94428467}.Release|x64.Build.0 = Release|Any CPU
		{707F9F26-F30A-4EE6-B80C-FB4D94428467}.Release|x86.ActiveCfg = Release|Any CPU
		{707F9F26-F30A-4EE6-B80C-FB4D94428467}.Release|x86.Build.0 = Release|Any CPU
		{E8C8E4FD-80F0-4443-904A-4BF78DCA74DE}.Debug|Any CPU.ActiveCfg = Debug|Any CPU
		{E8C8E4FD-80F0-4443-904A-4BF78DCA74DE}.Debug|Any CPU.Build.0 = Debug|Any CPU
		{E8C8E4FD-80F0-4443-904A-4BF78DCA74DE}.Debug|x64.ActiveCfg = Debug|Any CPU
		{E8C8E4FD-80F0-4443-904A-4BF78DCA74DE}.Debug|x64.Build.0 = Debug|Any CPU
		{E8C8E4FD-80F0-4443-904A-4BF78DCA74DE}.Debug|x86.ActiveCfg = Debug|Any CPU
		{E8C8E4FD-80F0-4443-904A-4BF78DCA74DE}.Debug|x86.Build.0 = Debug|Any CPU
		{E8C8E4FD-80F0-4443-904A-4BF78DCA74DE}.Release|Any CPU.ActiveCfg = Release|Any CPU
		{E8C8E4FD-80F0-4443-904A-4BF78DCA74DE}.Release|Any CPU.Build.0 = Release|Any CPU
		{E8C8E4FD-80F0-4443-904A-4BF78DCA74DE}.Release|x64.ActiveCfg = Release|Any CPU
		{E8C8E4FD-80F0-4443-904A-4BF78DCA74DE}.Release|x64.Build.0 = Release|Any CPU
		{E8C8E4FD-80F0-4443-904A-4BF78DCA74DE}.Release|x86.ActiveCfg = Release|Any CPU
		{E8C8E4FD-80F0-4443-904A-4BF78DCA74DE}.Release|x86.Build.0 = Release|Any CPU
		{A80C5CCC-2D81-42E9-ABAE-F179035B814B}.Debug|Any CPU.ActiveCfg = Debug|Any CPU
		{A80C5CCC-2D81-42E9-ABAE-F179035B814B}.Debug|Any CPU.Build.0 = Debug|Any CPU
		{A80C5CCC-2D81-42E9-ABAE-F179035B814B}.Debug|x64.ActiveCfg = Debug|Any CPU
		{A80C5CCC-2D81-42E9-ABAE-F179035B814B}.Debug|x64.Build.0 = Debug|Any CPU
		{A80C5CCC-2D81-42E9-ABAE-F179035B814B}.Debug|x86.ActiveCfg = Debug|Any CPU
		{A80C5CCC-2D81-42E9-ABAE-F179035B814B}.Debug|x86.Build.0 = Debug|Any CPU
		{A80C5CCC-2D81-42E9-ABAE-F179035B814B}.Release|Any CPU.ActiveCfg = Release|Any CPU
		{A80C5CCC-2D81-42E9-ABAE-F179035B814B}.Release|Any CPU.Build.0 = Release|Any CPU
		{A80C5CCC-2D81-42E9-ABAE-F179035B814B}.Release|x64.ActiveCfg = Release|Any CPU
		{A80C5CCC-2D81-42E9-ABAE-F179035B814B}.Release|x64.Build.0 = Release|Any CPU
		{A80C5CCC-2D81-42E9-ABAE-F179035B814B}.Release|x86.ActiveCfg = Release|Any CPU
		{A80C5CCC-2D81-42E9-ABAE-F179035B814B}.Release|x86.Build.0 = Release|Any CPU
		{F5819333-AE0F-477C-BED0-D03FCED73AAC}.Debug|Any CPU.ActiveCfg = Debug|Any CPU
		{F5819333-AE0F-477C-BED0-D03FCED73AAC}.Debug|Any CPU.Build.0 = Debug|Any CPU
		{F5819333-AE0F-477C-BED0-D03FCED73AAC}.Debug|x64.ActiveCfg = Debug|Any CPU
		{F5819333-AE0F-477C-BED0-D03FCED73AAC}.Debug|x64.Build.0 = Debug|Any CPU
		{F5819333-AE0F-477C-BED0-D03FCED73AAC}.Debug|x86.ActiveCfg = Debug|Any CPU
		{F5819333-AE0F-477C-BED0-D03FCED73AAC}.Debug|x86.Build.0 = Debug|Any CPU
		{F5819333-AE0F-477C-BED0-D03FCED73AAC}.Release|Any CPU.ActiveCfg = Release|Any CPU
		{F5819333-AE0F-477C-BED0-D03FCED73AAC}.Release|Any CPU.Build.0 = Release|Any CPU
		{F5819333-AE0F-477C-BED0-D03FCED73AAC}.Release|x64.ActiveCfg = Release|Any CPU
		{F5819333-AE0F-477C-BED0-D03FCED73AAC}.Release|x64.Build.0 = Release|Any CPU
		{F5819333-AE0F-477C-BED0-D03FCED73AAC}.Release|x86.ActiveCfg = Release|Any CPU
		{F5819333-AE0F-477C-BED0-D03FCED73AAC}.Release|x86.Build.0 = Release|Any CPU
		{5F91B1F0-DD19-491E-839B-3187BCCE41E6}.Debug|Any CPU.ActiveCfg = Debug|Any CPU
		{5F91B1F0-DD19-491E-839B-3187BCCE41E6}.Debug|Any CPU.Build.0 = Debug|Any CPU
		{5F91B1F0-DD19-491E-839B-3187BCCE41E6}.Debug|x64.ActiveCfg = Debug|Any CPU
		{5F91B1F0-DD19-491E-839B-3187BCCE41E6}.Debug|x64.Build.0 = Debug|Any CPU
		{5F91B1F0-DD19-491E-839B-3187BCCE41E6}.Debug|x86.ActiveCfg = Debug|Any CPU
		{5F91B1F0-DD19-491E-839B-3187BCCE41E6}.Debug|x86.Build.0 = Debug|Any CPU
		{5F91B1F0-DD19-491E-839B-3187BCCE41E6}.Release|Any CPU.ActiveCfg = Release|Any CPU
		{5F91B1F0-DD19-491E-839B-3187BCCE41E6}.Release|Any CPU.Build.0 = Release|Any CPU
		{5F91B1F0-DD19-491E-839B-3187BCCE41E6}.Release|x64.ActiveCfg = Release|Any CPU
		{5F91B1F0-DD19-491E-839B-3187BCCE41E6}.Release|x64.Build.0 = Release|Any CPU
		{5F91B1F0-DD19-491E-839B-3187BCCE41E6}.Release|x86.ActiveCfg = Release|Any CPU
		{5F91B1F0-DD19-491E-839B-3187BCCE41E6}.Release|x86.Build.0 = Release|Any CPU
		{C99966A9-E8F8-4C67-9363-365BCB4A84DD}.Debug|Any CPU.ActiveCfg = Debug|Any CPU
		{C99966A9-E8F8-4C67-9363-365BCB4A84DD}.Debug|Any CPU.Build.0 = Debug|Any CPU
		{C99966A9-E8F8-4C67-9363-365BCB4A84DD}.Debug|x64.ActiveCfg = Debug|Any CPU
		{C99966A9-E8F8-4C67-9363-365BCB4A84DD}.Debug|x64.Build.0 = Debug|Any CPU
		{C99966A9-E8F8-4C67-9363-365BCB4A84DD}.Debug|x86.ActiveCfg = Debug|Any CPU
		{C99966A9-E8F8-4C67-9363-365BCB4A84DD}.Debug|x86.Build.0 = Debug|Any CPU
		{C99966A9-E8F8-4C67-9363-365BCB4A84DD}.Release|Any CPU.ActiveCfg = Release|Any CPU
		{C99966A9-E8F8-4C67-9363-365BCB4A84DD}.Release|Any CPU.Build.0 = Release|Any CPU
		{C99966A9-E8F8-4C67-9363-365BCB4A84DD}.Release|x64.ActiveCfg = Release|Any CPU
		{C99966A9-E8F8-4C67-9363-365BCB4A84DD}.Release|x64.Build.0 = Release|Any CPU
		{C99966A9-E8F8-4C67-9363-365BCB4A84DD}.Release|x86.ActiveCfg = Release|Any CPU
		{C99966A9-E8F8-4C67-9363-365BCB4A84DD}.Release|x86.Build.0 = Release|Any CPU
	EndGlobalSection
	GlobalSection(SolutionProperties) = preSolution
		HideSolutionNode = FALSE
	EndGlobalSection
	GlobalSection(NestedProjects) = preSolution
		{79CC3348-9C1A-4399-A552-933148DCC102} = {5F42908A-3D8C-44CB-BAA2-928DE22AAB17}
		{B08BF00D-B1E0-489A-BFC4-CBC34625858D} = {5F42908A-3D8C-44CB-BAA2-928DE22AAB17}
		{87BD6B81-EF1B-478E-BBB4-A0A40B1B6119} = {5F42908A-3D8C-44CB-BAA2-928DE22AAB17}
		{EF5AE7CF-E710-4BE8-AE74-D5843E34A0BF} = {87BD6B81-EF1B-478E-BBB4-A0A40B1B6119}
		{D1175F74-F3B3-49F2-A1DB-74D1E10EDFBC} = {5F42908A-3D8C-44CB-BAA2-928DE22AAB17}
		{9A1AF555-9924-45E6-BF58-6BF8503526BA} = {D1175F74-F3B3-49F2-A1DB-74D1E10EDFBC}
		{D6448206-F933-49EC-B9B7-9AE16DCE6863} = {D1175F74-F3B3-49F2-A1DB-74D1E10EDFBC}
		{EF8E1B5D-D0EF-4BB5-8B73-3E868306AEA0} = {87BD6B81-EF1B-478E-BBB4-A0A40B1B6119}
		{93DB0F40-84BF-4CE0-824A-77FAADD41B7F} = {87BD6B81-EF1B-478E-BBB4-A0A40B1B6119}
		{981AC072-074C-400A-983B-2EE6A0CDE983} = {5F42908A-3D8C-44CB-BAA2-928DE22AAB17}
		{D3E8A304-418C-4640-8B75-98C4BFE584D5} = {981AC072-074C-400A-983B-2EE6A0CDE983}
		{707F9F26-F30A-4EE6-B80C-FB4D94428467} = {87BD6B81-EF1B-478E-BBB4-A0A40B1B6119}
		{E8C8E4FD-80F0-4443-904A-4BF78DCA74DE} = {87BD6B81-EF1B-478E-BBB4-A0A40B1B6119}
		{A80C5CCC-2D81-42E9-ABAE-F179035B814B} = {D7FE162C-D6BC-4F89-8DF9-1AEF427FA63B}
		{F5819333-AE0F-477C-BED0-D03FCED73AAC} = {87BD6B81-EF1B-478E-BBB4-A0A40B1B6119}
		{5F91B1F0-DD19-491E-839B-3187BCCE41E6} = {D1175F74-F3B3-49F2-A1DB-74D1E10EDFBC}
		{C99966A9-E8F8-4C67-9363-365BCB4A84DD} = {D1175F74-F3B3-49F2-A1DB-74D1E10EDFBC}
	EndGlobalSection
	GlobalSection(ExtensibilityGlobals) = postSolution
		SolutionGuid = {B511AF63-B8BD-4505-A278-DA0B0CCAA472}
	EndGlobalSection
EndGlobal
