
Microsoft Visual Studio Solution File, Format Version 12.00
# Visual Studio Version 16
VisualStudioVersion = 16.0.31005.135
MinimumVisualStudioVersion = 15.0.26124.0
Project("{2150E333-8FDC-42A3-9474-1A3956D46DE8}") = "tests", "tests", "{D7FE162C-D6BC-4F89-8DF9-1AEF427FA63B}"
EndProject
Project("{9A19103F-16F7-4668-BE54-9A1E7A4F7556}") = "SmartThermo.Modules.ModuleName.Tests", "tests\SmartThermo.Modules.ModuleName.Tests\SmartThermo.Modules.ModuleName.Tests.csproj", "{2287A522-9115-4AA4-BAD2-FCE701E6C2F8}"
EndProject
Project("{2150E333-8FDC-42A3-9474-1A3956D46DE8}") = "src", "src", "{5F42908A-3D8C-44CB-BAA2-928DE22AAB17}"
EndProject
Project("{9A19103F-16F7-4668-BE54-9A1E7A4F7556}") = "SmartThermo", "src\SmartThermo\SmartThermo.csproj", "{79CC3348-9C1A-4399-A552-933148DCC102}"
EndProject
Project("{9A19103F-16F7-4668-BE54-9A1E7A4F7556}") = "SmartThermo.Core", "src\SmartThermo.Core\SmartThermo.Core.csproj", "{B08BF00D-B1E0-489A-BFC4-CBC34625858D}"
EndProject
Project("{2150E333-8FDC-42A3-9474-1A3956D46DE8}") = "Modules", "Modules", "{87BD6B81-EF1B-478E-BBB4-A0A40B1B6119}"
EndProject
Project("{9A19103F-16F7-4668-BE54-9A1E7A4F7556}") = "SmartThermo.Modules.DataViewer", "src\Modules\SmartThermo.Modules.DataViewer\SmartThermo.Modules.DataViewer.csproj", "{EF5AE7CF-E710-4BE8-AE74-D5843E34A0BF}"
EndProject
Project("{2150E333-8FDC-42A3-9474-1A3956D46DE8}") = "Services", "Services", "{D1175F74-F3B3-49F2-A1DB-74D1E10EDFBC}"
EndProject
Project("{9A19103F-16F7-4668-BE54-9A1E7A4F7556}") = "SmartThermo.Services.DeviceConnector", "src\Services\SmartThermo.Services.DeviceConnector\SmartThermo.Services.DeviceConnector.csproj", "{9A1AF555-9924-45E6-BF58-6BF8503526BA}"
EndProject
Project("{9A19103F-16F7-4668-BE54-9A1E7A4F7556}") = "SmartThermo.Services.Notifications", "src\Services\SmartThermo.Services.Notifications\SmartThermo.Services.Notifications.csproj", "{D6448206-F933-49EC-B9B7-9AE16DCE6863}"
EndProject
Project("{9A19103F-16F7-4668-BE54-9A1E7A4F7556}") = "SmartThermo.Modules.Dialog.SettingsPort", "src\Modules\SmartThermo.Modules.Dialog.SettingsPort\SmartThermo.Modules.Dialog.SettingsPort.csproj", "{EF8E1B5D-D0EF-4BB5-8B73-3E868306AEA0}"
EndProject
Project("{9A19103F-16F7-4668-BE54-9A1E7A4F7556}") = "SmartThermo.Modules.Dialog.SettingsDevice", "src\Modules\SmartThermo.Modules.Dialog.SettingsDevice\SmartThermo.Modules.Dialog.SettingsDevice.csproj", "{93DB0F40-84BF-4CE0-824A-77FAADD41B7F}"
EndProject
Project("{2150E333-8FDC-42A3-9474-1A3956D46DE8}") = "DataAccess", "DataAccess", "{981AC072-074C-400A-983B-2EE6A0CDE983}"
EndProject
Project("{FAE04EC0-301F-11D3-BF4B-00C04F79EFBC}") = "SmartThermo.DataAccess.Sqlite", "src\DataAccess\SmartThermo.DataAccess.Sqlite\SmartThermo.DataAccess.Sqlite.csproj", "{D3E8A304-418C-4640-8B75-98C4BFE584D5}"
EndProject
Global
	GlobalSection(SolutionConfigurationPlatforms) = preSolution
		Debug|Any CPU = Debug|Any CPU
		Debug|x64 = Debug|x64
		Debug|x86 = Debug|x86
		Release|Any CPU = Release|Any CPU
		Release|x64 = Release|x64
		Release|x86 = Release|x86
	EndGlobalSection
	GlobalSection(ProjectConfigurationPlatforms) = postSolution
		{2287A522-9115-4AA4-BAD2-FCE701E6C2F8}.Debug|Any CPU.ActiveCfg = Debug|Any CPU
		{2287A522-9115-4AA4-BAD2-FCE701E6C2F8}.Debug|Any CPU.Build.0 = Debug|Any CPU
		{2287A522-9115-4AA4-BAD2-FCE701E6C2F8}.Debug|x64.ActiveCfg = Debug|Any CPU
		{2287A522-9115-4AA4-BAD2-FCE701E6C2F8}.Debug|x64.Build.0 = Debug|Any CPU
		{2287A522-9115-4AA4-BAD2-FCE701E6C2F8}.Debug|x86.ActiveCfg = Debug|Any CPU
		{2287A522-9115-4AA4-BAD2-FCE701E6C2F8}.Debug|x86.Build.0 = Debug|Any CPU
		{2287A522-9115-4AA4-BAD2-FCE701E6C2F8}.Release|Any CPU.ActiveCfg = Release|Any CPU
		{2287A522-9115-4AA4-BAD2-FCE701E6C2F8}.Release|Any CPU.Build.0 = Release|Any CPU
		{2287A522-9115-4AA4-BAD2-FCE701E6C2F8}.Release|x64.ActiveCfg = Release|Any CPU
		{2287A522-9115-4AA4-BAD2-FCE701E6C2F8}.Release|x64.Build.0 = Release|Any CPU
		{2287A522-9115-4AA4-BAD2-FCE701E6C2F8}.Release|x86.ActiveCfg = Release|Any CPU
		{2287A522-9115-4AA4-BAD2-FCE701E6C2F8}.Release|x86.Build.0 = Release|Any CPU
		{79CC3348-9C1A-4399-A552-933148DCC102}.Debug|Any CPU.ActiveCfg = Debug|Any CPU
		{79CC3348-9C1A-4399-A552-933148DCC102}.Debug|Any CPU.Build.0 = Debug|Any CPU
		{79CC3348-9C1A-4399-A552-933148DCC102}.Debug|x64.ActiveCfg = Debug|Any CPU
		{79CC3348-9C1A-4399-A552-933148DCC102}.Debug|x64.Build.0 = Debug|Any CPU
		{79CC3348-9C1A-4399-A552-933148DCC102}.Debug|x86.ActiveCfg = Debug|Any CPU
		{79CC3348-9C1A-4399-A552-933148DCC102}.Debug|x86.Build.0 = Debug|Any CPU
		{79CC3348-9C1A-4399-A552-933148DCC102}.Release|Any CPU.ActiveCfg = Release|Any CPU
		{79CC3348-9C1A-4399-A552-933148DCC102}.Release|Any CPU.Build.0 = Release|Any CPU
		{79CC3348-9C1A-4399-A552-933148DCC102}.Release|x64.ActiveCfg = Release|Any CPU
		{79CC3348-9C1A-4399-A552-933148DCC102}.Release|x64.Build.0 = Release|Any CPU
		{79CC3348-9C1A-4399-A552-933148DCC102}.Release|x86.ActiveCfg = Release|Any CPU
		{79CC3348-9C1A-4399-A552-933148DCC102}.Release|x86.Build.0 = Release|Any CPU
		{B08BF00D-B1E0-489A-BFC4-CBC34625858D}.Debug|Any CPU.ActiveCfg = Debug|Any CPU
		{B08BF00D-B1E0-489A-BFC4-CBC34625858D}.Debug|Any CPU.Build.0 = Debug|Any CPU
		{B08BF00D-B1E0-489A-BFC4-CBC34625858D}.Debug|x64.ActiveCfg = Debug|Any CPU
		{B08BF00D-B1E0-489A-BFC4-CBC34625858D}.Debug|x64.Build.0 = Debug|Any CPU
		{B08BF00D-B1E0-489A-BFC4-CBC34625858D}.Debug|x86.ActiveCfg = Debug|Any CPU
		{B08BF00D-B1E0-489A-BFC4-CBC34625858D}.Debug|x86.Build.0 = Debug|Any CPU
		{B08BF00D-B1E0-489A-BFC4-CBC34625858D}.Release|Any CPU.ActiveCfg = Release|Any CPU
		{B08BF00D-B1E0-489A-BFC4-CBC34625858D}.Release|Any CPU.Build.0 = Release|Any CPU
		{B08BF00D-B1E0-489A-BFC4-CBC34625858D}.Release|x64.ActiveCfg = Release|Any CPU
		{B08BF00D-B1E0-489A-BFC4-CBC34625858D}.Release|x64.Build.0 = Release|Any CPU
		{B08BF00D-B1E0-489A-BFC4-CBC34625858D}.Release|x86.ActiveCfg = Release|Any CPU
		{B08BF00D-B1E0-489A-BFC4-CBC34625858D}.Release|x86.Build.0 = Release|Any CPU
		{EF5AE7CF-E710-4BE8-AE74-D5843E34A0BF}.Debug|Any CPU.ActiveCfg = Debug|Any CPU
		{EF5AE7CF-E710-4BE8-AE74-D5843E34A0BF}.Debug|Any CPU.Build.0 = Debug|Any CPU
		{EF5AE7CF-E710-4BE8-AE74-D5843E34A0BF}.Debug|x64.ActiveCfg = Debug|Any CPU
		{EF5AE7CF-E710-4BE8-AE74-D5843E34A0BF}.Debug|x64.Build.0 = Debug|Any CPU
		{EF5AE7CF-E710-4BE8-AE74-D5843E34A0BF}.Debug|x86.ActiveCfg = Debug|Any CPU
		{EF5AE7CF-E710-4BE8-AE74-D5843E34A0BF}.Debug|x86.Build.0 = Debug|Any CPU
		{EF5AE7CF-E710-4BE8-AE74-D5843E34A0BF}.Release|Any CPU.ActiveCfg = Release|Any CPU
		{EF5AE7CF-E710-4BE8-AE74-D5843E34A0BF}.Release|Any CPU.Build.0 = Release|Any CPU
		{EF5AE7CF-E710-4BE8-AE74-D5843E34A0BF}.Release|x64.ActiveCfg = Release|Any CPU
		{EF5AE7CF-E710-4BE8-AE74-D5843E34A0BF}.Release|x64.Build.0 = Release|Any CPU
		{EF5AE7CF-E710-4BE8-AE74-D5843E34A0BF}.Release|x86.ActiveCfg = Release|Any CPU
		{EF5AE7CF-E710-4BE8-AE74-D5843E34A0BF}.Release|x86.Build.0 = Release|Any CPU
		{9A1AF555-9924-45E6-BF58-6BF8503526BA}.Debug|Any CPU.ActiveCfg = Debug|Any CPU
		{9A1AF555-9924-45E6-BF58-6BF8503526BA}.Debug|Any CPU.Build.0 = Debug|Any CPU
		{9A1AF555-9924-45E6-BF58-6BF8503526BA}.Debug|x64.ActiveCfg = Debug|Any CPU
		{9A1AF555-9924-45E6-BF58-6BF8503526BA}.Debug|x64.Build.0 = Debug|Any CPU
		{9A1AF555-9924-45E6-BF58-6BF8503526BA}.Debug|x86.ActiveCfg = Debug|Any CPU
		{9A1AF555-9924-45E6-BF58-6BF8503526BA}.Debug|x86.Build.0 = Debug|Any CPU
		{9A1AF555-9924-45E6-BF58-6BF8503526BA}.Release|Any CPU.ActiveCfg = Release|Any CPU
		{9A1AF555-9924-45E6-BF58-6BF8503526BA}.Release|Any CPU.Build.0 = Release|Any CPU
		{9A1AF555-9924-45E6-BF58-6BF8503526BA}.Release|x64.ActiveCfg = Release|Any CPU
		{9A1AF555-9924-45E6-BF58-6BF8503526BA}.Release|x64.Build.0 = Release|Any CPU
		{9A1AF555-9924-45E6-BF58-6BF8503526BA}.Release|x86.ActiveCfg = Release|Any CPU
		{9A1AF555-9924-45E6-BF58-6BF8503526BA}.Release|x86.Build.0 = Release|Any CPU
		{D6448206-F933-49EC-B9B7-9AE16DCE6863}.Debug|Any CPU.ActiveCfg = Debug|Any CPU
		{D6448206-F933-49EC-B9B7-9AE16DCE6863}.Debug|Any CPU.Build.0 = Debug|Any CPU
		{D6448206-F933-49EC-B9B7-9AE16DCE6863}.Debug|x64.ActiveCfg = Debug|Any CPU
		{D6448206-F933-49EC-B9B7-9AE16DCE6863}.Debug|x64.Build.0 = Debug|Any CPU
		{D6448206-F933-49EC-B9B7-9AE16DCE6863}.Debug|x86.ActiveCfg = Debug|Any CPU
		{D6448206-F933-49EC-B9B7-9AE16DCE6863}.Debug|x86.Build.0 = Debug|Any CPU
		{D6448206-F933-49EC-B9B7-9AE16DCE6863}.Release|Any CPU.ActiveCfg = Release|Any CPU
		{D6448206-F933-49EC-B9B7-9AE16DCE6863}.Release|Any CPU.Build.0 = Release|Any CPU
		{D6448206-F933-49EC-B9B7-9AE16DCE6863}.Release|x64.ActiveCfg = Release|Any CPU
		{D6448206-F933-49EC-B9B7-9AE16DCE6863}.Release|x64.Build.0 = Release|Any CPU
		{D6448206-F933-49EC-B9B7-9AE16DCE6863}.Release|x86.ActiveCfg = Release|Any CPU
		{D6448206-F933-49EC-B9B7-9AE16DCE6863}.Release|x86.Build.0 = Release|Any CPU
		{EF8E1B5D-D0EF-4BB5-8B73-3E868306AEA0}.Debug|Any CPU.ActiveCfg = Debug|Any CPU
		{EF8E1B5D-D0EF-4BB5-8B73-3E868306AEA0}.Debug|Any CPU.Build.0 = Debug|Any CPU
		{EF8E1B5D-D0EF-4BB5-8B73-3E868306AEA0}.Debug|x64.ActiveCfg = Debug|Any CPU
		{EF8E1B5D-D0EF-4BB5-8B73-3E868306AEA0}.Debug|x64.Build.0 = Debug|Any CPU
		{EF8E1B5D-D0EF-4BB5-8B73-3E868306AEA0}.Debug|x86.ActiveCfg = Debug|Any CPU
		{EF8E1B5D-D0EF-4BB5-8B73-3E868306AEA0}.Debug|x86.Build.0 = Debug|Any CPU
		{EF8E1B5D-D0EF-4BB5-8B73-3E868306AEA0}.Release|Any CPU.ActiveCfg = Release|Any CPU
		{EF8E1B5D-D0EF-4BB5-8B73-3E868306AEA0}.Release|Any CPU.Build.0 = Release|Any CPU
		{EF8E1B5D-D0EF-4BB5-8B73-3E868306AEA0}.Release|x64.ActiveCfg = Release|Any CPU
		{EF8E1B5D-D0EF-4BB5-8B73-3E868306AEA0}.Release|x64.Build.0 = Release|Any CPU
		{EF8E1B5D-D0EF-4BB5-8B73-3E868306AEA0}.Release|x86.ActiveCfg = Release|Any CPU
		{EF8E1B5D-D0EF-4BB5-8B73-3E868306AEA0}.Release|x86.Build.0 = Release|Any CPU
		{93DB0F40-84BF-4CE0-824A-77FAADD41B7F}.Debug|Any CPU.ActiveCfg = Debug|Any CPU
		{93DB0F40-84BF-4CE0-824A-77FAADD41B7F}.Debug|Any CPU.Build.0 = Debug|Any CPU
		{93DB0F40-84BF-4CE0-824A-77FAADD41B7F}.Debug|x64.ActiveCfg = Debug|Any CPU
		{93DB0F40-84BF-4CE0-824A-77FAADD41B7F}.Debug|x64.Build.0 = Debug|Any CPU
		{93DB0F40-84BF-4CE0-824A-77FAADD41B7F}.Debug|x86.ActiveCfg = Debug|Any CPU
		{93DB0F40-84BF-4CE0-824A-77FAADD41B7F}.Debug|x86.Build.0 = Debug|Any CPU
		{93DB0F40-84BF-4CE0-824A-77FAADD41B7F}.Release|Any CPU.ActiveCfg = Release|Any CPU
		{93DB0F40-84BF-4CE0-824A-77FAADD41B7F}.Release|Any CPU.Build.0 = Release|Any CPU
		{93DB0F40-84BF-4CE0-824A-77FAADD41B7F}.Release|x64.ActiveCfg = Release|Any CPU
		{93DB0F40-84BF-4CE0-824A-77FAADD41B7F}.Release|x64.Build.0 = Release|Any CPU
		{93DB0F40-84BF-4CE0-824A-77FAADD41B7F}.Release|x86.ActiveCfg = Release|Any CPU
		{93DB0F40-84BF-4CE0-824A-77FAADD41B7F}.Release|x86.Build.0 = Release|Any CPU
		{D3E8A304-418C-4640-8B75-98C4BFE584D5}.Debug|Any CPU.ActiveCfg = Debug|Any CPU
		{D3E8A304-418C-4640-8B75-98C4BFE584D5}.Debug|Any CPU.Build.0 = Debug|Any CPU
		{D3E8A304-418C-4640-8B75-98C4BFE584D5}.Debug|x64.ActiveCfg = Debug|Any CPU
		{D3E8A304-418C-4640-8B75-98C4BFE584D5}.Debug|x64.Build.0 = Debug|Any CPU
		{D3E8A304-418C-4640-8B75-98C4BFE584D5}.Debug|x86.ActiveCfg = Debug|Any CPU
		{D3E8A304-418C-4640-8B75-98C4BFE584D5}.Debug|x86.Build.0 = Debug|Any CPU
		{D3E8A304-418C-4640-8B75-98C4BFE584D5}.Release|Any CPU.ActiveCfg = Release|Any CPU
		{D3E8A304-418C-4640-8B75-98C4BFE584D5}.Release|Any CPU.Build.0 = Release|Any CPU
		{D3E8A304-418C-4640-8B75-98C4BFE584D5}.Release|x64.ActiveCfg = Release|Any CPU
		{D3E8A304-418C-4640-8B75-98C4BFE584D5}.Release|x64.Build.0 = Release|Any CPU
		{D3E8A304-418C-4640-8B75-98C4BFE584D5}.Release|x86.ActiveCfg = Release|Any CPU
		{D3E8A304-418C-4640-8B75-98C4BFE584D5}.Release|x86.Build.0 = Release|Any CPU
	EndGlobalSection
	GlobalSection(SolutionProperties) = preSolution
		HideSolutionNode = FALSE
	EndGlobalSection
	GlobalSection(NestedProjects) = preSolution
		{2287A522-9115-4AA4-BAD2-FCE701E6C2F8} = {D7FE162C-D6BC-4F89-8DF9-1AEF427FA63B}
		{79CC3348-9C1A-4399-A552-933148DCC102} = {5F42908A-3D8C-44CB-BAA2-928DE22AAB17}
		{B08BF00D-B1E0-489A-BFC4-CBC34625858D} = {5F42908A-3D8C-44CB-BAA2-928DE22AAB17}
		{87BD6B81-EF1B-478E-BBB4-A0A40B1B6119} = {5F42908A-3D8C-44CB-BAA2-928DE22AAB17}
		{EF5AE7CF-E710-4BE8-AE74-D5843E34A0BF} = {87BD6B81-EF1B-478E-BBB4-A0A40B1B6119}
		{D1175F74-F3B3-49F2-A1DB-74D1E10EDFBC} = {5F42908A-3D8C-44CB-BAA2-928DE22AAB17}
		{9A1AF555-9924-45E6-BF58-6BF8503526BA} = {D1175F74-F3B3-49F2-A1DB-74D1E10EDFBC}
		{D6448206-F933-49EC-B9B7-9AE16DCE6863} = {D1175F74-F3B3-49F2-A1DB-74D1E10EDFBC}
		{EF8E1B5D-D0EF-4BB5-8B73-3E868306AEA0} = {87BD6B81-EF1B-478E-BBB4-A0A40B1B6119}
		{93DB0F40-84BF-4CE0-824A-77FAADD41B7F} = {87BD6B81-EF1B-478E-BBB4-A0A40B1B6119}
		{981AC072-074C-400A-983B-2EE6A0CDE983} = {5F42908A-3D8C-44CB-BAA2-928DE22AAB17}
		{D3E8A304-418C-4640-8B75-98C4BFE584D5} = {981AC072-074C-400A-983B-2EE6A0CDE983}
	EndGlobalSection
	GlobalSection(ExtensibilityGlobals) = postSolution
		SolutionGuid = {B511AF63-B8BD-4505-A278-DA0B0CCAA472}
	EndGlobalSection
EndGlobal
